
Microsoft Visual Studio Solution File, Format Version 12.00
# Visual Studio 15
VisualStudioVersion = 15.0.27004.2006
MinimumVisualStudioVersion = 10.0.40219.1
Project("{8BC9CEB8-8B4A-11D0-8D11-00A0C91BC942}") = "CGWork0128", "CGWork0128\CGWork0128.vcxproj", "{BDF3BE6F-730A-4392-91C3-279190258D20}"
EndProject
Global
	GlobalSection(SolutionConfigurationPlatforms) = preSolution
		Debug|x64 = Debug|x64
		Debug|x86 = Debug|x86
		Release|x64 = Release|x64
		Release|x86 = Release|x86
	EndGlobalSection
	GlobalSection(ProjectConfigurationPlatforms) = postSolution
		{BDF3BE6F-730A-4392-91C3-279190258D20}.Debug|x64.ActiveCfg = Debug|x64
		{BDF3BE6F-730A-4392-91C3-279190258D20}.Debug|x64.Build.0 = Debug|x64
		{BDF3BE6F-730A-4392-91C3-279190258D20}.Debug|x86.ActiveCfg = Debug|Win32
		{BDF3BE6F-730A-4392-91C3-279190258D20}.Debug|x86.Build.0 = Debug|Win32
		{BDF3BE6F-730A-4392-91C3-279190258D20}.Release|x64.ActiveCfg = Release|x64
		{BDF3BE6F-730A-4392-91C3-279190258D20}.Release|x64.Build.0 = Release|x64
		{BDF3BE6F-730A-4392-91C3-279190258D20}.Release|x86.ActiveCfg = Release|Win32
		{BDF3BE6F-730A-4392-91C3-279190258D20}.Release|x86.Build.0 = Release|Win32
	EndGlobalSection
	GlobalSection(SolutionProperties) = preSolution
		HideSolutionNode = FALSE
	EndGlobalSection
	GlobalSection(ExtensibilityGlobals) = postSolution
		SolutionGuid = {F0947076-4599-4C9C-B0E7-4EDB05B8C5C3}
	EndGlobalSection
EndGlobal
